
Microsoft Visual Studio Solution File, Format Version 12.00
# Visual Studio Version 16
VisualStudioVersion = 16.0.29709.97
MinimumVisualStudioVersion = 10.0.40219.1
Project("{9A19103F-16F7-4668-BE54-9A1E7A4F7556}") = "ATP.MyNotesApp.Core", "ATP.MyNotesApp.Core\ATP.MyNotesApp.Core.csproj", "{639DC106-E6AA-4D0C-9215-5AAA400F0156}"
EndProject
Project("{9A19103F-16F7-4668-BE54-9A1E7A4F7556}") = "ATP.MyNotesApp.Infrastructure", "ATP.MyNotesApp.Infrastructure\ATP.MyNotesApp.Infrastructure.csproj", "{7BE1E7D6-64E1-4E01-AFB9-E01F0B381962}"
EndProject
Project("{9A19103F-16F7-4668-BE54-9A1E7A4F7556}") = "ATP.MyNotesApp.API", "ATP.MyNotesApp.API\ATP.MyNotesApp.API.csproj", "{7CF72761-7C2E-4C68-B46F-154542CDA27B}"
EndProject
Global
	GlobalSection(SolutionConfigurationPlatforms) = preSolution
		Debug|Any CPU = Debug|Any CPU
		Release|Any CPU = Release|Any CPU
	EndGlobalSection
	GlobalSection(ProjectConfigurationPlatforms) = postSolution
		{639DC106-E6AA-4D0C-9215-5AAA400F0156}.Debug|Any CPU.ActiveCfg = Debug|Any CPU
		{639DC106-E6AA-4D0C-9215-5AAA400F0156}.Debug|Any CPU.Build.0 = Debug|Any CPU
		{639DC106-E6AA-4D0C-9215-5AAA400F0156}.Release|Any CPU.ActiveCfg = Release|Any CPU
		{639DC106-E6AA-4D0C-9215-5AAA400F0156}.Release|Any CPU.Build.0 = Release|Any CPU
		{7BE1E7D6-64E1-4E01-AFB9-E01F0B381962}.Debug|Any CPU.ActiveCfg = Debug|Any CPU
		{7BE1E7D6-64E1-4E01-AFB9-E01F0B381962}.Debug|Any CPU.Build.0 = Debug|Any CPU
		{7BE1E7D6-64E1-4E01-AFB9-E01F0B381962}.Release|Any CPU.ActiveCfg = Release|Any CPU
		{7BE1E7D6-64E1-4E01-AFB9-E01F0B381962}.Release|Any CPU.Build.0 = Release|Any CPU
		{7CF72761-7C2E-4C68-B46F-154542CDA27B}.Debug|Any CPU.ActiveCfg = Debug|Any CPU
		{7CF72761-7C2E-4C68-B46F-154542CDA27B}.Debug|Any CPU.Build.0 = Debug|Any CPU
		{7CF72761-7C2E-4C68-B46F-154542CDA27B}.Release|Any CPU.ActiveCfg = Release|Any CPU
		{7CF72761-7C2E-4C68-B46F-154542CDA27B}.Release|Any CPU.Build.0 = Release|Any CPU
	EndGlobalSection
	GlobalSection(SolutionProperties) = preSolution
		HideSolutionNode = FALSE
	EndGlobalSection
	GlobalSection(ExtensibilityGlobals) = postSolution
		SolutionGuid = {8DE2F22F-2164-42F4-8CC2-E4C78765E84E}
	EndGlobalSection
EndGlobal
